
Microsoft Visual Studio Solution File, Format Version 10.00
# Visual Studio 2008
Project("{FAE04EC0-301F-11D3-BF4B-00C04F79EFBC}") = "HelloWinforms", "HelloWinforms\HelloWinforms.csproj", "{DAC50842-79B1-4F64-AF52-47F7E31097EF}"
EndProject
Global
	GlobalSection(SolutionConfigurationPlatforms) = preSolution
		Debug|x86 = Debug|x86
		Release|x86 = Release|x86
	EndGlobalSection
	GlobalSection(ProjectConfigurationPlatforms) = postSolution
		{DAC50842-79B1-4F64-AF52-47F7E31097EF}.Debug|x86.ActiveCfg = Debug|x86
		{DAC50842-79B1-4F64-AF52-47F7E31097EF}.Debug|x86.Build.0 = Debug|x86
		{DAC50842-79B1-4F64-AF52-47F7E31097EF}.Release|x86.ActiveCfg = Release|x86
		{DAC50842-79B1-4F64-AF52-47F7E31097EF}.Release|x86.Build.0 = Release|x86
	EndGlobalSection
	GlobalSection(MonoDevelopProperties) = preSolution
		StartupItem = HelloWinforms\HelloWinforms.csproj
	EndGlobalSection
EndGlobal
